# This file is autogenerated, do not edit; changes may be undone by the next 'dep ensure'.


[[projects]]
  branch = "master"
  digest = "1:1b3db584a7747f84ef87b17dfe03fd6363ea12c2478f2e3cbe21fb3f4c7eaa0b"
  name = "golang.org/x/tour"
  packages = [
    "pic",
    "wc",
  ]
  pruneopts = "UT"
  revision = "db40fe78fefcfdeefb4ac4a94c72cfb20f40ee77"

[solve-meta]
  analyzer-name = "dep"
  analyzer-version = 1
  input-imports = [
    "golang.org/x/tour/pic",
    "golang.org/x/tour/wc",
  ]
  solver-name = "gps-cdcl"
  solver-version = 1
